
Microsoft Visual Studio Solution File, Format Version 12.00
# Visual Studio 15
VisualStudioVersion = 15.0.28307.645
MinimumVisualStudioVersion = 10.0.40219.1
Project("{FAE04EC0-301F-11D3-BF4B-00C04F79EFBC}") = "RhinoTron", "RhinoTron\RhinoTron.csproj", "{06A161A0-AE49-4D05-9F40-6DA8E6B37FFE}"
EndProject
Global
	GlobalSection(SolutionConfigurationPlatforms) = preSolution
		Debug|Any CPU = Debug|Any CPU
		Release|Any CPU = Release|Any CPU
	EndGlobalSection
	GlobalSection(ProjectConfigurationPlatforms) = postSolution
		{06A161A0-AE49-4D05-9F40-6DA8E6B37FFE}.Debug|Any CPU.ActiveCfg = Debug|Any CPU
		{06A161A0-AE49-4D05-9F40-6DA8E6B37FFE}.Debug|Any CPU.Build.0 = Debug|Any CPU
		{06A161A0-AE49-4D05-9F40-6DA8E6B37FFE}.Release|Any CPU.ActiveCfg = Release|Any CPU
		{06A161A0-AE49-4D05-9F40-6DA8E6B37FFE}.Release|Any CPU.Build.0 = Release|Any CPU
	EndGlobalSection
	GlobalSection(SolutionProperties) = preSolution
		HideSolutionNode = FALSE
	EndGlobalSection
	GlobalSection(ExtensibilityGlobals) = postSolution
		SolutionGuid = {D45C6891-70BC-491A-8508-FDFE443F7D7C}
	EndGlobalSection
EndGlobal
